
Microsoft Visual Studio Solution File, Format Version 12.00
# Visual Studio 14
VisualStudioVersion = 14.0.25420.1
MinimumVisualStudioVersion = 10.0.40219.1
Project("{FAE04EC0-301F-11D3-BF4B-00C04F79EFBC}") = "Svenkle.ExtensionMethods", "src\Svenkle.ExtensionMethods\Svenkle.ExtensionMethods.csproj", "{D1509B6C-0282-48A2-A7C2-BC8C2B3FFCF1}"
EndProject
Project("{FAE04EC0-301F-11D3-BF4B-00C04F79EFBC}") = "Svenkle.ExtensionMethods.Tests", "test\Svenkle.ExtensionMethods.Tests\Svenkle.ExtensionMethods.Tests.csproj", "{DDB0B962-B004-414E-80F4-28DC75E6EC88}"
EndProject
Global
	GlobalSection(SolutionConfigurationPlatforms) = preSolution
		Debug|Any CPU = Debug|Any CPU
		Release|Any CPU = Release|Any CPU
	EndGlobalSection
	GlobalSection(ProjectConfigurationPlatforms) = postSolution
		{D1509B6C-0282-48A2-A7C2-BC8C2B3FFCF1}.Debug|Any CPU.ActiveCfg = Debug|Any CPU
		{D1509B6C-0282-48A2-A7C2-BC8C2B3FFCF1}.Debug|Any CPU.Build.0 = Debug|Any CPU
		{D1509B6C-0282-48A2-A7C2-BC8C2B3FFCF1}.Release|Any CPU.ActiveCfg = Release|Any CPU
		{D1509B6C-0282-48A2-A7C2-BC8C2B3FFCF1}.Release|Any CPU.Build.0 = Release|Any CPU
		{DDB0B962-B004-414E-80F4-28DC75E6EC88}.Debug|Any CPU.ActiveCfg = Debug|Any CPU
		{DDB0B962-B004-414E-80F4-28DC75E6EC88}.Debug|Any CPU.Build.0 = Debug|Any CPU
		{DDB0B962-B004-414E-80F4-28DC75E6EC88}.Release|Any CPU.ActiveCfg = Release|Any CPU
		{DDB0B962-B004-414E-80F4-28DC75E6EC88}.Release|Any CPU.Build.0 = Release|Any CPU
	EndGlobalSection
	GlobalSection(SolutionProperties) = preSolution
		HideSolutionNode = FALSE
	EndGlobalSection
EndGlobal
